// !$*UTF8*$!
{
	archiveVersion = 1;
	classes = {
	};
	objectVersion = 46;
	objects = {

/* Begin PBXBuildFile section */
		4E0FED381D8A82B200E3F634 /* XDDiskCache.m in Sources */ = {isa = PBXBuildFile; fileRef = 4E0FED371D8A82B200E3F634 /* XDDiskCache.m */; };
		4E1716371D45A28600779A68 /* main.m in Sources */ = {isa = PBXBuildFile; fileRef = 4E1716361D45A28600779A68 /* main.m */; };
		4E17163A1D45A28600779A68 /* AppDelegate.m in Sources */ = {isa = PBXBuildFile; fileRef = 4E1716391D45A28600779A68 /* AppDelegate.m */; };
		4E17163D1D45A28600779A68 /* ViewController.m in Sources */ = {isa = PBXBuildFile; fileRef = 4E17163C1D45A28600779A68 /* ViewController.m */; };
		4E1716401D45A28700779A68 /* Main.storyboard in Resources */ = {isa = PBXBuildFile; fileRef = 4E17163E1D45A28700779A68 /* Main.storyboard */; };
		4E1716421D45A28700779A68 /* Assets.xcassets in Resources */ = {isa = PBXBuildFile; fileRef = 4E1716411D45A28700779A68 /* Assets.xcassets */; };
		4E1716451D45A28700779A68 /* LaunchScreen.storyboard in Resources */ = {isa = PBXBuildFile; fileRef = 4E1716431D45A28700779A68 /* LaunchScreen.storyboard */; };
		4E1716821D45A30600779A68 /* XDNetworking.m in Sources */ = {isa = PBXBuildFile; fileRef = 4E1716811D45A30600779A68 /* XDNetworking.m */; };
		4E1716891D45C4A600779A68 /* XDMemoryCache.m in Sources */ = {isa = PBXBuildFile; fileRef = 4E1716881D45C4A600779A68 /* XDMemoryCache.m */; };
		4E1D7FE41D86EBC400562791 /* AFHTTPSessionManager.m in Sources */ = {isa = PBXBuildFile; fileRef = 4E1D7FC31D86EBC400562791 /* AFHTTPSessionManager.m */; };
		4E1D7FE51D86EBC400562791 /* AFNetworkReachabilityManager.m in Sources */ = {isa = PBXBuildFile; fileRef = 4E1D7FC61D86EBC400562791 /* AFNetworkReachabilityManager.m */; };
		4E1D7FE61D86EBC400562791 /* AFSecurityPolicy.m in Sources */ = {isa = PBXBuildFile; fileRef = 4E1D7FC81D86EBC400562791 /* AFSecurityPolicy.m */; };
		4E1D7FE71D86EBC400562791 /* AFURLRequestSerialization.m in Sources */ = {isa = PBXBuildFile; fileRef = 4E1D7FCA1D86EBC400562791 /* AFURLRequestSerialization.m */; };
		4E1D7FE81D86EBC400562791 /* AFURLResponseSerialization.m in Sources */ = {isa = PBXBuildFile; fileRef = 4E1D7FCC1D86EBC400562791 /* AFURLResponseSerialization.m */; };
		4E1D7FE91D86EBC400562791 /* AFURLSessionManager.m in Sources */ = {isa = PBXBuildFile; fileRef = 4E1D7FCE1D86EBC400562791 /* AFURLSessionManager.m */; };
		4E1D7FEA1D86EBC400562791 /* AFAutoPurgingImageCache.m in Sources */ = {isa = PBXBuildFile; fileRef = 4E1D7FD11D86EBC400562791 /* AFAutoPurgingImageCache.m */; };
		4E1D7FEB1D86EBC400562791 /* AFImageDownloader.m in Sources */ = {isa = PBXBuildFile; fileRef = 4E1D7FD31D86EBC400562791 /* AFImageDownloader.m */; };
		4E1D7FEC1D86EBC400562791 /* AFNetworkActivityIndicatorManager.m in Sources */ = {isa = PBXBuildFile; fileRef = 4E1D7FD51D86EBC400562791 /* AFNetworkActivityIndicatorManager.m */; };
		4E1D7FED1D86EBC400562791 /* UIActivityIndicatorView+AFNetworking.m in Sources */ = {isa = PBXBuildFile; fileRef = 4E1D7FD71D86EBC400562791 /* UIActivityIndicatorView+AFNetworking.m */; };
		4E1D7FEE1D86EBC400562791 /* UIButton+AFNetworking.m in Sources */ = {isa = PBXBuildFile; fileRef = 4E1D7FD91D86EBC400562791 /* UIButton+AFNetworking.m */; };
		4E1D7FEF1D86EBC400562791 /* UIImageView+AFNetworking.m in Sources */ = {isa = PBXBuildFile; fileRef = 4E1D7FDC1D86EBC400562791 /* UIImageView+AFNetworking.m */; };
		4E1D7FF01D86EBC400562791 /* UIProgressView+AFNetworking.m in Sources */ = {isa = PBXBuildFile; fileRef = 4E1D7FDF1D86EBC400562791 /* UIProgressView+AFNetworking.m */; };
		4E1D7FF11D86EBC400562791 /* UIRefreshControl+AFNetworking.m in Sources */ = {isa = PBXBuildFile; fileRef = 4E1D7FE11D86EBC400562791 /* UIRefreshControl+AFNetworking.m */; };
		4E1D7FF21D86EBC400562791 /* UIWebView+AFNetworking.m in Sources */ = {isa = PBXBuildFile; fileRef = 4E1D7FE31D86EBC400562791 /* UIWebView+AFNetworking.m */; };
		4E37119E1D89473F00F2FB1C /* XDNetworking+requestManager.m in Sources */ = {isa = PBXBuildFile; fileRef = 4E37119C1D89473F00F2FB1C /* XDNetworking+requestManager.m */; };
		4E4FC1541D71D88900004B34 /* XD_LRUManager.m in Sources */ = {isa = PBXBuildFile; fileRef = 4E4FC1531D71D88900004B34 /* XD_LRUManager.m */; };
		4EF0EA291D7967ED007A800C /* XDCacheManager.m in Sources */ = {isa = PBXBuildFile; fileRef = 4EF0EA281D7967ED007A800C /* XDCacheManager.m */; };
/* End PBXBuildFile section */

/* Begin PBXFileReference section */
		4E0FED361D8A82B200E3F634 /* XDDiskCache.h */ = {isa = PBXFileReference; fileEncoding = 4; lastKnownFileType = sourcecode.c.h; path = XDDiskCache.h; sourceTree = "<group>"; };
		4E0FED371D8A82B200E3F634 /* XDDiskCache.m */ = {isa = PBXFileReference; fileEncoding = 4; lastKnownFileType = sourcecode.c.objc; path = XDDiskCache.m; sourceTree = "<group>"; };
		4E1716321D45A28600779A68 /* XDNetworking.app */ = {isa = PBXFileReference; explicitFileType = wrapper.application; includeInIndex = 0; path = XDNetworking.app; sourceTree = BUILT_PRODUCTS_DIR; };
		4E1716361D45A28600779A68 /* main.m */ = {isa = PBXFileReference; lastKnownFileType = sourcecode.c.objc; path = main.m; sourceTree = "<group>"; };
		4E1716381D45A28600779A68 /* AppDelegate.h */ = {isa = PBXFileReference; lastKnownFileType = sourcecode.c.h; path = AppDelegate.h; sourceTree = "<group>"; };
		4E1716391D45A28600779A68 /* AppDelegate.m */ = {isa = PBXFileReference; lastKnownFileType = sourcecode.c.objc; path = AppDelegate.m; sourceTree = "<group>"; };
		4E17163B1D45A28600779A68 /* ViewController.h */ = {isa = PBXFileReference; lastKnownFileType = sourcecode.c.h; path = ViewController.h; sourceTree = "<group>"; };
		4E17163C1D45A28600779A68 /* ViewController.m */ = {isa = PBXFileReference; lastKnownFileType = sourcecode.c.objc; path = ViewController.m; sourceTree = "<group>"; };
		4E17163F1D45A28700779A68 /* Base */ = {isa = PBXFileReference; lastKnownFileType = file.storyboard; name = Base; path = Base.lproj/Main.storyboard; sourceTree = "<group>"; };
		4E1716411D45A28700779A68 /* Assets.xcassets */ = {isa = PBXFileReference; lastKnownFileType = folder.assetcatalog; path = Assets.xcassets; sourceTree = "<group>"; };
		4E1716441D45A28700779A68 /* Base */ = {isa = PBXFileReference; lastKnownFileType = file.storyboard; name = Base; path = Base.lproj/LaunchScreen.storyboard; sourceTree = "<group>"; };
		4E1716461D45A28700779A68 /* Info.plist */ = {isa = PBXFileReference; lastKnownFileType = text.plist.xml; path = Info.plist; sourceTree = "<group>"; };
		4E1716801D45A30600779A68 /* XDNetworking.h */ = {isa = PBXFileReference; fileEncoding = 4; lastKnownFileType = sourcecode.c.h; path = XDNetworking.h; sourceTree = "<group>"; };
		4E1716811D45A30600779A68 /* XDNetworking.m */ = {isa = PBXFileReference; fileEncoding = 4; lastKnownFileType = sourcecode.c.objc; path = XDNetworking.m; sourceTree = "<group>"; };
		4E1716871D45C4A600779A68 /* XDMemoryCache.h */ = {isa = PBXFileReference; fileEncoding = 4; lastKnownFileType = sourcecode.c.h; path = XDMemoryCache.h; sourceTree = "<group>"; };
		4E1716881D45C4A600779A68 /* XDMemoryCache.m */ = {isa = PBXFileReference; fileEncoding = 4; lastKnownFileType = sourcecode.c.objc; path = XDMemoryCache.m; sourceTree = "<group>"; };
		4E1D7FC21D86EBC400562791 /* AFHTTPSessionManager.h */ = {isa = PBXFileReference; fileEncoding = 4; lastKnownFileType = sourcecode.c.h; path = AFHTTPSessionManager.h; sourceTree = "<group>"; };
		4E1D7FC31D86EBC400562791 /* AFHTTPSessionManager.m */ = {isa = PBXFileReference; fileEncoding = 4; lastKnownFileType = sourcecode.c.objc; path = AFHTTPSessionManager.m; sourceTree = "<group>"; };
		4E1D7FC41D86EBC400562791 /* AFNetworking.h */ = {isa = PBXFileReference; fileEncoding = 4; lastKnownFileType = sourcecode.c.h; path = AFNetworking.h; sourceTree = "<group>"; };
		4E1D7FC51D86EBC400562791 /* AFNetworkReachabilityManager.h */ = {isa = PBXFileReference; fileEncoding = 4; lastKnownFileType = sourcecode.c.h; path = AFNetworkReachabilityManager.h; sourceTree = "<group>"; };
		4E1D7FC61D86EBC400562791 /* AFNetworkReachabilityManager.m */ = {isa = PBXFileReference; fileEncoding = 4; lastKnownFileType = sourcecode.c.objc; path = AFNetworkReachabilityManager.m; sourceTree = "<group>"; };
		4E1D7FC71D86EBC400562791 /* AFSecurityPolicy.h */ = {isa = PBXFileReference; fileEncoding = 4; lastKnownFileType = sourcecode.c.h; path = AFSecurityPolicy.h; sourceTree = "<group>"; };
		4E1D7FC81D86EBC400562791 /* AFSecurityPolicy.m */ = {isa = PBXFileReference; fileEncoding = 4; lastKnownFileType = sourcecode.c.objc; path = AFSecurityPolicy.m; sourceTree = "<group>"; };
		4E1D7FC91D86EBC400562791 /* AFURLRequestSerialization.h */ = {isa = PBXFileReference; fileEncoding = 4; lastKnownFileType = sourcecode.c.h; path = AFURLRequestSerialization.h; sourceTree = "<group>"; };
		4E1D7FCA1D86EBC400562791 /* AFURLRequestSerialization.m */ = {isa = PBXFileReference; fileEncoding = 4; lastKnownFileType = sourcecode.c.objc; path = AFURLRequestSerialization.m; sourceTree = "<group>"; };
		4E1D7FCB1D86EBC400562791 /* AFURLResponseSerialization.h */ = {isa = PBXFileReference; fileEncoding = 4; lastKnownFileType = sourcecode.c.h; path = AFURLResponseSerialization.h; sourceTree = "<group>"; };
		4E1D7FCC1D86EBC400562791 /* AFURLResponseSerialization.m */ = {isa = PBXFileReference; fileEncoding = 4; lastKnownFileType = sourcecode.c.objc; path = AFURLResponseSerialization.m; sourceTree = "<group>"; };
		4E1D7FCD1D86EBC400562791 /* AFURLSessionManager.h */ = {isa = PBXFileReference; fileEncoding = 4; lastKnownFileType = sourcecode.c.h; path = AFURLSessionManager.h; sourceTree = "<group>"; };
		4E1D7FCE1D86EBC400562791 /* AFURLSessionManager.m */ = {isa = PBXFileReference; fileEncoding = 4; lastKnownFileType = sourcecode.c.objc; path = AFURLSessionManager.m; sourceTree = "<group>"; };
		4E1D7FD01D86EBC400562791 /* AFAutoPurgingImageCache.h */ = {isa = PBXFileReference; fileEncoding = 4; lastKnownFileType = sourcecode.c.h; path = AFAutoPurgingImageCache.h; sourceTree = "<group>"; };
		4E1D7FD11D86EBC400562791 /* AFAutoPurgingImageCache.m */ = {isa = PBXFileReference; fileEncoding = 4; lastKnownFileType = sourcecode.c.objc; path = AFAutoPurgingImageCache.m; sourceTree = "<group>"; };
		4E1D7FD21D86EBC400562791 /* AFImageDownloader.h */ = {isa = PBXFileReference; fileEncoding = 4; lastKnownFileType = sourcecode.c.h; path = AFImageDownloader.h; sourceTree = "<group>"; };
		4E1D7FD31D86EBC400562791 /* AFImageDownloader.m */ = {isa = PBXFileReference; fileEncoding = 4; lastKnownFileType = sourcecode.c.objc; path = AFImageDownloader.m; sourceTree = "<group>"; };
		4E1D7FD41D86EBC400562791 /* AFNetworkActivityIndicatorManager.h */ = {isa = PBXFileReference; fileEncoding = 4; lastKnownFileType = sourcecode.c.h; path = AFNetworkActivityIndicatorManager.h; sourceTree = "<group>"; };
		4E1D7FD51D86EBC400562791 /* AFNetworkActivityIndicatorManager.m */ = {isa = PBXFileReference; fileEncoding = 4; lastKnownFileType = sourcecode.c.objc; path = AFNetworkActivityIndicatorManager.m; sourceTree = "<group>"; };
		4E1D7FD61D86EBC400562791 /* UIActivityIndicatorView+AFNetworking.h */ = {isa = PBXFileReference; fileEncoding = 4; lastKnownFileType = sourcecode.c.h; path = "UIActivityIndicatorView+AFNetworking.h"; sourceTree = "<group>"; };
		4E1D7FD71D86EBC400562791 /* UIActivityIndicatorView+AFNetworking.m */ = {isa = PBXFileReference; fileEncoding = 4; lastKnownFileType = sourcecode.c.objc; path = "UIActivityIndicatorView+AFNetworking.m"; sourceTree = "<group>"; };
		4E1D7FD81D86EBC400562791 /* UIButton+AFNetworking.h */ = {isa = PBXFileReference; fileEncoding = 4; lastKnownFileType = sourcecode.c.h; path = "UIButton+AFNetworking.h"; sourceTree = "<group>"; };
		4E1D7FD91D86EBC400562791 /* UIButton+AFNetworking.m */ = {isa = PBXFileReference; fileEncoding = 4; lastKnownFileType = sourcecode.c.objc; path = "UIButton+AFNetworking.m"; sourceTree = "<group>"; };
		4E1D7FDA1D86EBC400562791 /* UIImage+AFNetworking.h */ = {isa = PBXFileReference; fileEncoding = 4; lastKnownFileType = sourcecode.c.h; path = "UIImage+AFNetworking.h"; sourceTree = "<group>"; };
		4E1D7FDB1D86EBC400562791 /* UIImageView+AFNetworking.h */ = {isa = PBXFileReference; fileEncoding = 4; lastKnownFileType = sourcecode.c.h; path = "UIImageView+AFNetworking.h"; sourceTree = "<group>"; };
		4E1D7FDC1D86EBC400562791 /* UIImageView+AFNetworking.m */ = {isa = PBXFileReference; fileEncoding = 4; lastKnownFileType = sourcecode.c.objc; path = "UIImageView+AFNetworking.m"; sourceTree = "<group>"; };
		4E1D7FDD1D86EBC400562791 /* UIKit+AFNetworking.h */ = {isa = PBXFileReference; fileEncoding = 4; lastKnownFileType = sourcecode.c.h; path = "UIKit+AFNetworking.h"; sourceTree = "<group>"; };
		4E1D7FDE1D86EBC400562791 /* UIProgressView+AFNetworking.h */ = {isa = PBXFileReference; fileEncoding = 4; lastKnownFileType = sourcecode.c.h; path = "UIProgressView+AFNetworking.h"; sourceTree = "<group>"; };
		4E1D7FDF1D86EBC400562791 /* UIProgressView+AFNetworking.m */ = {isa = PBXFileReference; fileEncoding = 4; lastKnownFileType = sourcecode.c.objc; path = "UIProgressView+AFNetworking.m"; sourceTree = "<group>"; };
		4E1D7FE01D86EBC400562791 /* UIRefreshControl+AFNetworking.h */ = {isa = PBXFileReference; fileEncoding = 4; lastKnownFileType = sourcecode.c.h; path = "UIRefreshControl+AFNetworking.h"; sourceTree = "<group>"; };
		4E1D7FE11D86EBC400562791 /* UIRefreshControl+AFNetworking.m */ = {isa = PBXFileReference; fileEncoding = 4; lastKnownFileType = sourcecode.c.objc; path = "UIRefreshControl+AFNetworking.m"; sourceTree = "<group>"; };
		4E1D7FE21D86EBC400562791 /* UIWebView+AFNetworking.h */ = {isa = PBXFileReference; fileEncoding = 4; lastKnownFileType = sourcecode.c.h; path = "UIWebView+AFNetworking.h"; sourceTree = "<group>"; };
		4E1D7FE31D86EBC400562791 /* UIWebView+AFNetworking.m */ = {isa = PBXFileReference; fileEncoding = 4; lastKnownFileType = sourcecode.c.objc; path = "UIWebView+AFNetworking.m"; sourceTree = "<group>"; };
		4E37119B1D89473F00F2FB1C /* XDNetworking+requestManager.h */ = {isa = PBXFileReference; fileEncoding = 4; lastKnownFileType = sourcecode.c.h; path = "XDNetworking+requestManager.h"; sourceTree = "<group>"; };
		4E37119C1D89473F00F2FB1C /* XDNetworking+requestManager.m */ = {isa = PBXFileReference; fileEncoding = 4; lastKnownFileType = sourcecode.c.objc; path = "XDNetworking+requestManager.m"; sourceTree = "<group>"; };
		4E4FC1521D71D88900004B34 /* XD_LRUManager.h */ = {isa = PBXFileReference; fileEncoding = 4; lastKnownFileType = sourcecode.c.h; path = XD_LRUManager.h; sourceTree = "<group>"; };
		4E4FC1531D71D88900004B34 /* XD_LRUManager.m */ = {isa = PBXFileReference; fileEncoding = 4; lastKnownFileType = sourcecode.c.objc; path = XD_LRUManager.m; sourceTree = "<group>"; };
		4EF0EA271D7967ED007A800C /* XDCacheManager.h */ = {isa = PBXFileReference; fileEncoding = 4; lastKnownFileType = sourcecode.c.h; path = XDCacheManager.h; sourceTree = "<group>"; };
		4EF0EA281D7967ED007A800C /* XDCacheManager.m */ = {isa = PBXFileReference; fileEncoding = 4; lastKnownFileType = sourcecode.c.objc; path = XDCacheManager.m; sourceTree = "<group>"; };
/* End PBXFileReference section */

/* Begin PBXFrameworksBuildPhase section */
		4E17162F1D45A28600779A68 /* Frameworks */ = {
			isa = PBXFrameworksBuildPhase;
			buildActionMask = 2147483647;
			files = (
			);
			runOnlyForDeploymentPostprocessing = 0;
		};
/* End PBXFrameworksBuildPhase section */

/* Begin PBXGroup section */
		4E1716291D45A28600779A68 = {
			isa = PBXGroup;
			children = (
				4E1716341D45A28600779A68 /* XDNetworking */,
				4E1716331D45A28600779A68 /* Products */,
			);
			sourceTree = "<group>";
		};
		4E1716331D45A28600779A68 /* Products */ = {
			isa = PBXGroup;
			children = (
				4E1716321D45A28600779A68 /* XDNetworking.app */,
			);
			name = Products;
			sourceTree = "<group>";
		};
		4E1716341D45A28600779A68 /* XDNetworking */ = {
			isa = PBXGroup;
			children = (
				4E17164C1D45A2B400779A68 /* XDNetworking */,
				4E1716381D45A28600779A68 /* AppDelegate.h */,
				4E1716391D45A28600779A68 /* AppDelegate.m */,
				4E17163B1D45A28600779A68 /* ViewController.h */,
				4E17163C1D45A28600779A68 /* ViewController.m */,
				4E17163E1D45A28700779A68 /* Main.storyboard */,
				4E1716411D45A28700779A68 /* Assets.xcassets */,
				4E1716431D45A28700779A68 /* LaunchScreen.storyboard */,
				4E1716461D45A28700779A68 /* Info.plist */,
				4E1716351D45A28600779A68 /* Supporting Files */,
			);
			path = XDNetworking;
			sourceTree = "<group>";
		};
		4E1716351D45A28600779A68 /* Supporting Files */ = {
			isa = PBXGroup;
			children = (
				4E1716361D45A28600779A68 /* main.m */,
			);
			name = "Supporting Files";
			sourceTree = "<group>";
		};
		4E17164C1D45A2B400779A68 /* XDNetworking */ = {
			isa = PBXGroup;
			children = (
				4E1716801D45A30600779A68 /* XDNetworking.h */,
				4E1716811D45A30600779A68 /* XDNetworking.m */,
				4E3711981D89473F00F2FB1C /* RequestManager */,
				4E1716861D45C47C00779A68 /* Cache */,
				4E1D7FC01D86EBC400562791 /* AFSourceCore */,
			);
			path = XDNetworking;
			sourceTree = "<group>";
		};
		4E1716861D45C47C00779A68 /* Cache */ = {
			isa = PBXGroup;
			children = (
				4EF0EA271D7967ED007A800C /* XDCacheManager.h */,
				4EF0EA281D7967ED007A800C /* XDCacheManager.m */,
				4E1716871D45C4A600779A68 /* XDMemoryCache.h */,
				4E1716881D45C4A600779A68 /* XDMemoryCache.m */,
				4E0FED361D8A82B200E3F634 /* XDDiskCache.h */,
				4E0FED371D8A82B200E3F634 /* XDDiskCache.m */,
				4E4FC1521D71D88900004B34 /* XD_LRUManager.h */,
				4E4FC1531D71D88900004B34 /* XD_LRUManager.m */,
			);
			path = Cache;
			sourceTree = "<group>";
		};
		4E1D7FC01D86EBC400562791 /* AFSourceCore */ = {
			isa = PBXGroup;
			children = (
				4E1D7FC11D86EBC400562791 /* AFNetworking */,
				4E1D7FCF1D86EBC400562791 /* UIKit+AFNetworking */,
			);
			path = AFSourceCore;
			sourceTree = "<group>";
		};
		4E1D7FC11D86EBC400562791 /* AFNetworking */ = {
			isa = PBXGroup;
			children = (
				4E1D7FC21D86EBC400562791 /* AFHTTPSessionManager.h */,
				4E1D7FC31D86EBC400562791 /* AFHTTPSessionManager.m */,
				4E1D7FC41D86EBC400562791 /* AFNetworking.h */,
				4E1D7FC51D86EBC400562791 /* AFNetworkReachabilityManager.h */,
				4E1D7FC61D86EBC400562791 /* AFNetworkReachabilityManager.m */,
				4E1D7FC71D86EBC400562791 /* AFSecurityPolicy.h */,
				4E1D7FC81D86EBC400562791 /* AFSecurityPolicy.m */,
				4E1D7FC91D86EBC400562791 /* AFURLRequestSerialization.h */,
				4E1D7FCA1D86EBC400562791 /* AFURLRequestSerialization.m */,
				4E1D7FCB1D86EBC400562791 /* AFURLResponseSerialization.h */,
				4E1D7FCC1D86EBC400562791 /* AFURLResponseSerialization.m */,
				4E1D7FCD1D86EBC400562791 /* AFURLSessionManager.h */,
				4E1D7FCE1D86EBC400562791 /* AFURLSessionManager.m */,
			);
			path = AFNetworking;
			sourceTree = "<group>";
		};
		4E1D7FCF1D86EBC400562791 /* UIKit+AFNetworking */ = {
			isa = PBXGroup;
			children = (
				4E1D7FD01D86EBC400562791 /* AFAutoPurgingImageCache.h */,
				4E1D7FD11D86EBC400562791 /* AFAutoPurgingImageCache.m */,
				4E1D7FD21D86EBC400562791 /* AFImageDownloader.h */,
				4E1D7FD31D86EBC400562791 /* AFImageDownloader.m */,
				4E1D7FD41D86EBC400562791 /* AFNetworkActivityIndicatorManager.h */,
				4E1D7FD51D86EBC400562791 /* AFNetworkActivityIndicatorManager.m */,
				4E1D7FD61D86EBC400562791 /* UIActivityIndicatorView+AFNetworking.h */,
				4E1D7FD71D86EBC400562791 /* UIActivityIndicatorView+AFNetworking.m */,
				4E1D7FD81D86EBC400562791 /* UIButton+AFNetworking.h */,
				4E1D7FD91D86EBC400562791 /* UIButton+AFNetworking.m */,
				4E1D7FDA1D86EBC400562791 /* UIImage+AFNetworking.h */,
				4E1D7FDB1D86EBC400562791 /* UIImageView+AFNetworking.h */,
				4E1D7FDC1D86EBC400562791 /* UIImageView+AFNetworking.m */,
				4E1D7FDD1D86EBC400562791 /* UIKit+AFNetworking.h */,
				4E1D7FDE1D86EBC400562791 /* UIProgressView+AFNetworking.h */,
				4E1D7FDF1D86EBC400562791 /* UIProgressView+AFNetworking.m */,
				4E1D7FE01D86EBC400562791 /* UIRefreshControl+AFNetworking.h */,
				4E1D7FE11D86EBC400562791 /* UIRefreshControl+AFNetworking.m */,
				4E1D7FE21D86EBC400562791 /* UIWebView+AFNetworking.h */,
				4E1D7FE31D86EBC400562791 /* UIWebView+AFNetworking.m */,
			);
			path = "UIKit+AFNetworking";
			sourceTree = "<group>";
		};
		4E3711981D89473F00F2FB1C /* RequestManager */ = {
			isa = PBXGroup;
			children = (
				4E37119B1D89473F00F2FB1C /* XDNetworking+requestManager.h */,
				4E37119C1D89473F00F2FB1C /* XDNetworking+requestManager.m */,
			);
			path = RequestManager;
			sourceTree = "<group>";
		};
/* End PBXGroup section */

/* Begin PBXNativeTarget section */
		4E1716311D45A28600779A68 /* XDNetworking */ = {
			isa = PBXNativeTarget;
			buildConfigurationList = 4E1716491D45A28700779A68 /* Build configuration list for PBXNativeTarget "XDNetworking" */;
			buildPhases = (
				4E17162E1D45A28600779A68 /* Sources */,
				4E17162F1D45A28600779A68 /* Frameworks */,
				4E1716301D45A28600779A68 /* Resources */,
			);
			buildRules = (
			);
			dependencies = (
			);
			name = XDNetworking;
			productName = XDNetworking;
			productReference = 4E1716321D45A28600779A68 /* XDNetworking.app */;
			productType = "com.apple.product-type.application";
		};
/* End PBXNativeTarget section */

/* Begin PBXProject section */
		4E17162A1D45A28600779A68 /* Project object */ = {
			isa = PBXProject;
			attributes = {
				LastUpgradeCheck = 0730;
				ORGANIZATIONNAME = "蔡欣东";
				TargetAttributes = {
					4E1716311D45A28600779A68 = {
						CreatedOnToolsVersion = 7.3.1;
					};
				};
			};
			buildConfigurationList = 4E17162D1D45A28600779A68 /* Build configuration list for PBXProject "XDNetworking" */;
			compatibilityVersion = "Xcode 3.2";
			developmentRegion = English;
			hasScannedForEncodings = 0;
			knownRegions = (
				en,
				Base,
			);
			mainGroup = 4E1716291D45A28600779A68;
			productRefGroup = 4E1716331D45A28600779A68 /* Products */;
			projectDirPath = "";
			projectRoot = "";
			targets = (
				4E1716311D45A28600779A68 /* XDNetworking */,
			);
		};
/* End PBXProject section */

/* Begin PBXResourcesBuildPhase section */
		4E1716301D45A28600779A68 /* Resources */ = {
			isa = PBXResourcesBuildPhase;
			buildActionMask = 2147483647;
			files = (
				4E1716451D45A28700779A68 /* LaunchScreen.storyboard in Resources */,
				4E1716421D45A28700779A68 /* Assets.xcassets in Resources */,
				4E1716401D45A28700779A68 /* Main.storyboard in Resources */,
			);
			runOnlyForDeploymentPostprocessing = 0;
		};
/* End PBXResourcesBuildPhase section */

/* Begin PBXSourcesBuildPhase section */
		4E17162E1D45A28600779A68 /* Sources */ = {
			isa = PBXSourcesBuildPhase;
			buildActionMask = 2147483647;
			files = (
				4E1716891D45C4A600779A68 /* XDMemoryCache.m in Sources */,
				4E17163D1D45A28600779A68 /* ViewController.m in Sources */,
				4E1D7FF11D86EBC400562791 /* UIRefreshControl+AFNetworking.m in Sources */,
				4E1D7FEE1D86EBC400562791 /* UIButton+AFNetworking.m in Sources */,
				4E1D7FF01D86EBC400562791 /* UIProgressView+AFNetworking.m in Sources */,
				4E1D7FEA1D86EBC400562791 /* AFAutoPurgingImageCache.m in Sources */,
				4E1D7FEC1D86EBC400562791 /* AFNetworkActivityIndicatorManager.m in Sources */,
				4E17163A1D45A28600779A68 /* AppDelegate.m in Sources */,
				4E1D7FED1D86EBC400562791 /* UIActivityIndicatorView+AFNetworking.m in Sources */,
				4E1D7FE81D86EBC400562791 /* AFURLResponseSerialization.m in Sources */,
				4E0FED381D8A82B200E3F634 /* XDDiskCache.m in Sources */,
				4E1D7FEF1D86EBC400562791 /* UIImageView+AFNetworking.m in Sources */,
				4E1716371D45A28600779A68 /* main.m in Sources */,
				4E1D7FE71D86EBC400562791 /* AFURLRequestSerialization.m in Sources */,
				4E1D7FE41D86EBC400562791 /* AFHTTPSessionManager.m in Sources */,
				4EF0EA291D7967ED007A800C /* XDCacheManager.m in Sources */,
				4E1D7FE91D86EBC400562791 /* AFURLSessionManager.m in Sources */,
				4E1D7FEB1D86EBC400562791 /* AFImageDownloader.m in Sources */,
				4E4FC1541D71D88900004B34 /* XD_LRUManager.m in Sources */,
				4E1D7FE61D86EBC400562791 /* AFSecurityPolicy.m in Sources */,
				4E1716821D45A30600779A68 /* XDNetworking.m in Sources */,
				4E1D7FF21D86EBC400562791 /* UIWebView+AFNetworking.m in Sources */,
				4E37119E1D89473F00F2FB1C /* XDNetworking+requestManager.m in Sources */,
				4E1D7FE51D86EBC400562791 /* AFNetworkReachabilityManager.m in Sources */,
			);
			runOnlyForDeploymentPostprocessing = 0;
		};
/* End PBXSourcesBuildPhase section */

/* Begin PBXVariantGroup section */
		4E17163E1D45A28700779A68 /* Main.storyboard */ = {
			isa = PBXVariantGroup;
			children = (
				4E17163F1D45A28700779A68 /* Base */,
			);
			name = Main.storyboard;
			sourceTree = "<group>";
		};
		4E1716431D45A28700779A68 /* LaunchScreen.storyboard */ = {
			isa = PBXVariantGroup;
			children = (
				4E1716441D45A28700779A68 /* Base */,
			);
			name = LaunchScreen.storyboard;
			sourceTree = "<group>";
		};
/* End PBXVariantGroup section */

/* Begin XCBuildConfiguration section */
		4E1716471D45A28700779A68 /* Debug */ = {
			isa = XCBuildConfiguration;
			buildSettings = {
				ALWAYS_SEARCH_USER_PATHS = NO;
				CLANG_ANALYZER_NONNULL = YES;
				CLANG_CXX_LANGUAGE_STANDARD = "gnu++0x";
				CLANG_CXX_LIBRARY = "libc++";
				CLANG_ENABLE_MODULES = YES;
				CLANG_ENABLE_OBJC_ARC = YES;
				CLANG_WARN_BOOL_CONVERSION = YES;
				CLANG_WARN_CONSTANT_CONVERSION = YES;
				CLANG_WARN_DIRECT_OBJC_ISA_USAGE = YES_ERROR;
				CLANG_WARN_EMPTY_BODY = YES;
				CLANG_WARN_ENUM_CONVERSION = YES;
				CLANG_WARN_INT_CONVERSION = YES;
				CLANG_WARN_OBJC_ROOT_CLASS = YES_ERROR;
				CLANG_WARN_UNREACHABLE_CODE = YES;
				CLANG_WARN__DUPLICATE_METHOD_MATCH = YES;
				"CODE_SIGN_IDENTITY[sdk=iphoneos*]" = "iPhone Developer";
				COPY_PHASE_STRIP = NO;
				DEBUG_INFORMATION_FORMAT = dwarf;
				ENABLE_STRICT_OBJC_MSGSEND = YES;
				ENABLE_TESTABILITY = YES;
				GCC_C_LANGUAGE_STANDARD = gnu99;
				GCC_DYNAMIC_NO_PIC = NO;
				GCC_NO_COMMON_BLOCKS = YES;
				GCC_OPTIMIZATION_LEVEL = 0;
				GCC_PREPROCESSOR_DEFINITIONS = (
					"DEBUG=1",
					"$(inherited)",
				);
				GCC_WARN_64_TO_32_BIT_CONVERSION = YES;
				GCC_WARN_ABOUT_RETURN_TYPE = YES_ERROR;
				GCC_WARN_UNDECLARED_SELECTOR = YES;
				GCC_WARN_UNINITIALIZED_AUTOS = YES_AGGRESSIVE;
				GCC_WARN_UNUSED_FUNCTION = YES;
				GCC_WARN_UNUSED_VARIABLE = YES;
				IPHONEOS_DEPLOYMENT_TARGET = 9.3;
				MTL_ENABLE_DEBUG_INFO = YES;
				ONLY_ACTIVE_ARCH = YES;
				SDKROOT = iphoneos;
			};
			name = Debug;
		};
		4E1716481D45A28700779A68 /* Release */ = {
			isa = XCBuildConfiguration;
			buildSettings = {
				ALWAYS_SEARCH_USER_PATHS = NO;
				CLANG_ANALYZER_NONNULL = YES;
				CLANG_CXX_LANGUAGE_STANDARD = "gnu++0x";
				CLANG_CXX_LIBRARY = "libc++";
				CLANG_ENABLE_MODULES = YES;
				CLANG_ENABLE_OBJC_ARC = YES;
				CLANG_WARN_BOOL_CONVERSION = YES;
				CLANG_WARN_CONSTANT_CONVERSION = YES;
				CLANG_WARN_DIRECT_OBJC_ISA_USAGE = YES_ERROR;
				CLANG_WARN_EMPTY_BODY = YES;
				CLANG_WARN_ENUM_CONVERSION = YES;
				CLANG_WARN_INT_CONVERSION = YES;
				CLANG_WARN_OBJC_ROOT_CLASS = YES_ERROR;
				CLANG_WARN_UNREACHABLE_CODE = YES;
				CLANG_WARN__DUPLICATE_METHOD_MATCH = YES;
				"CODE_SIGN_IDENTITY[sdk=iphoneos*]" = "iPhone Developer";
				COPY_PHASE_STRIP = NO;
				DEBUG_INFORMATION_FORMAT = "dwarf-with-dsym";
				ENABLE_NS_ASSERTIONS = NO;
				ENABLE_STRICT_OBJC_MSGSEND = YES;
				GCC_C_LANGUAGE_STANDARD = gnu99;
				GCC_NO_COMMON_BLOCKS = YES;
				GCC_WARN_64_TO_32_BIT_CONVERSION = YES;
				GCC_WARN_ABOUT_RETURN_TYPE = YES_ERROR;
				GCC_WARN_UNDECLARED_SELECTOR = YES;
				GCC_WARN_UNINITIALIZED_AUTOS = YES_AGGRESSIVE;
				GCC_WARN_UNUSED_FUNCTION = YES;
				GCC_WARN_UNUSED_VARIABLE = YES;
				IPHONEOS_DEPLOYMENT_TARGET = 9.3;
				MTL_ENABLE_DEBUG_INFO = NO;
				SDKROOT = iphoneos;
				VALIDATE_PRODUCT = YES;
			};
			name = Release;
		};
		4E17164A1D45A28700779A68 /* Debug */ = {
			isa = XCBuildConfiguration;
			buildSettings = {
				ASSETCATALOG_COMPILER_APPICON_NAME = AppIcon;
				INFOPLIST_FILE = XDNetworking/Info.plist;
				IPHONEOS_DEPLOYMENT_TARGET = 8.0;
				LD_RUNPATH_SEARCH_PATHS = "$(inherited) @executable_path/Frameworks";
				PRODUCT_BUNDLE_IDENTIFIER = com.xindong.XDNetworking;
				PRODUCT_NAME = "$(TARGET_NAME)";
			};
			name = Debug;
		};
		4E17164B1D45A28700779A68 /* Release */ = {
			isa = XCBuildConfiguration;
			buildSettings = {
				ASSETCATALOG_COMPILER_APPICON_NAME = AppIcon;
				INFOPLIST_FILE = XDNetworking/Info.plist;
				IPHONEOS_DEPLOYMENT_TARGET = 8.0;
				LD_RUNPATH_SEARCH_PATHS = "$(inherited) @executable_path/Frameworks";
				PRODUCT_BUNDLE_IDENTIFIER = com.xindong.XDNetworking;
				PRODUCT_NAME = "$(TARGET_NAME)";
			};
			name = Release;
		};
/* End XCBuildConfiguration section */

/* Begin XCConfigurationList section */
		4E17162D1D45A28600779A68 /* Build configuration list for PBXProject "XDNetworking" */ = {
			isa = XCConfigurationList;
			buildConfigurations = (
				4E1716471D45A28700779A68 /* Debug */,
				4E1716481D45A28700779A68 /* Release */,
			);
			defaultConfigurationIsVisible = 0;
			defaultConfigurationName = Release;
		};
		4E1716491D45A28700779A68 /* Build configuration list for PBXNativeTarget "XDNetworking" */ = {
			isa = XCConfigurationList;
			buildConfigurations = (
				4E17164A1D45A28700779A68 /* Debug */,
				4E17164B1D45A28700779A68 /* Release */,
			);
			defaultConfigurationIsVisible = 0;
			defaultConfigurationName = Release;
		};
/* End XCConfigurationList section */
	};
	rootObject = 4E17162A1D45A28600779A68 /* Project object */;
}
